// !$*UTF8*$!
{
	archiveVersion = 1;
	classes = {
	};
	objectVersion = 46;
	objects = {

/* Begin PBXBuildFile section */
		5217712B1A0D79E100DA9305 /* Message.m in Sources */ = {isa = PBXBuildFile; fileRef = 5217712A1A0D79E100DA9305 /* Message.m */; };
		5217712D1A0DA1D700DA9305 /* PictureUITableViewCell.xib in Resources */ = {isa = PBXBuildFile; fileRef = 5217712C1A0DA1D700DA9305 /* PictureUITableViewCell.xib */; };
		521771301A0DA20100DA9305 /* PictureUITableViewCell.m in Sources */ = {isa = PBXBuildFile; fileRef = 5217712F1A0DA20100DA9305 /* PictureUITableViewCell.m */; };
		521771331A0DCA8D00DA9305 /* ShowPictureViewController.m in Sources */ = {isa = PBXBuildFile; fileRef = 521771321A0DCA8D00DA9305 /* ShowPictureViewController.m */; };
		528522AD1A0EE489005E0DEB /* ShowAudioViewController.m in Sources */ = {isa = PBXBuildFile; fileRef = 528522AC1A0EE489005E0DEB /* ShowAudioViewController.m */; };
		529400361A02884000F93C54 /* Foundation.framework in Frameworks */ = {isa = PBXBuildFile; fileRef = 529400351A02884000F93C54 /* Foundation.framework */; };
		529400381A02884000F93C54 /* CoreGraphics.framework in Frameworks */ = {isa = PBXBuildFile; fileRef = 529400371A02884000F93C54 /* CoreGraphics.framework */; };
		5294003A1A02884000F93C54 /* UIKit.framework in Frameworks */ = {isa = PBXBuildFile; fileRef = 529400391A02884000F93C54 /* UIKit.framework */; };
		529400401A02884000F93C54 /* InfoPlist.strings in Resources */ = {isa = PBXBuildFile; fileRef = 5294003E1A02884000F93C54 /* InfoPlist.strings */; };
		529400421A02884000F93C54 /* main.m in Sources */ = {isa = PBXBuildFile; fileRef = 529400411A02884000F93C54 /* main.m */; };
		529400461A02884000F93C54 /* AppDelegate.m in Sources */ = {isa = PBXBuildFile; fileRef = 529400451A02884000F93C54 /* AppDelegate.m */; };
		529400491A02884000F93C54 /* Main.storyboard in Resources */ = {isa = PBXBuildFile; fileRef = 529400471A02884000F93C54 /* Main.storyboard */; };
		5294004C1A02884100F93C54 /* MainViewController.m in Sources */ = {isa = PBXBuildFile; fileRef = 5294004B1A02884100F93C54 /* MainViewController.m */; };
		5294004E1A02884100F93C54 /* Images.xcassets in Resources */ = {isa = PBXBuildFile; fileRef = 5294004D1A02884100F93C54 /* Images.xcassets */; };
		529400551A02884100F93C54 /* XCTest.framework in Frameworks */ = {isa = PBXBuildFile; fileRef = 529400541A02884100F93C54 /* XCTest.framework */; };
		529400561A02884100F93C54 /* Foundation.framework in Frameworks */ = {isa = PBXBuildFile; fileRef = 529400351A02884000F93C54 /* Foundation.framework */; };
		529400571A02884100F93C54 /* UIKit.framework in Frameworks */ = {isa = PBXBuildFile; fileRef = 529400391A02884000F93C54 /* UIKit.framework */; };
		5294005F1A02884100F93C54 /* InfoPlist.strings in Resources */ = {isa = PBXBuildFile; fileRef = 5294005D1A02884100F93C54 /* InfoPlist.strings */; };
		529400611A02884100F93C54 /* ChatAppTests.m in Sources */ = {isa = PBXBuildFile; fileRef = 529400601A02884100F93C54 /* ChatAppTests.m */; };
		52B9096F1A0D006400A17D8C /* ShowLocationViewController.m in Sources */ = {isa = PBXBuildFile; fileRef = 52B9096E1A0D006400A17D8C /* ShowLocationViewController.m */; };
		848FB9111A07AED00014EDBC /* ChatAppNavigationController.m in Sources */ = {isa = PBXBuildFile; fileRef = 848FB9101A07AED00014EDBC /* ChatAppNavigationController.m */; };
		8491885E1A06933F0057C1C3 /* UsersTableViewController.m in Sources */ = {isa = PBXBuildFile; fileRef = 8491885D1A06933F0057C1C3 /* UsersTableViewController.m */; };
		849272DD1A05A6F4004D5CE4 /* RegisterUserViewController.m in Sources */ = {isa = PBXBuildFile; fileRef = 849272DC1A05A6F4004D5CE4 /* RegisterUserViewController.m */; };
		849272E11A05B2A4004D5CE4 /* UserDataInputValidator.m in Sources */ = {isa = PBXBuildFile; fileRef = 849272E01A05B2A4004D5CE4 /* UserDataInputValidator.m */; };
		84928DE21A09153200168208 /* ChatSessionViewController.m in Sources */ = {isa = PBXBuildFile; fileRef = 84928DE11A09153200168208 /* ChatSessionViewController.m */; };
		849998231A0E16DB00933216 /* CoreDataHelper.m in Sources */ = {isa = PBXBuildFile; fileRef = 849998221A0E16DB00933216 /* CoreDataHelper.m */; };
		849998251A0E173100933216 /* CoreData.framework in Frameworks */ = {isa = PBXBuildFile; fileRef = 849998241A0E173100933216 /* CoreData.framework */; };
		849998281A0E176400933216 /* ChatAppDataModel.xcdatamodeld in Sources */ = {isa = PBXBuildFile; fileRef = 849998261A0E176400933216 /* ChatAppDataModel.xcdatamodeld */; };
		8499982B1A0E17DF00933216 /* ChatUser.m in Sources */ = {isa = PBXBuildFile; fileRef = 8499982A1A0E17DF00933216 /* ChatUser.m */; };
		8499982D1A0E692700933216 /* MapKit.framework in Frameworks */ = {isa = PBXBuildFile; fileRef = 8499982C1A0E692700933216 /* MapKit.framework */; };
		84A79AE31A0C4AFC006F4876 /* HomeScreenAnimationsGenerator.m in Sources */ = {isa = PBXBuildFile; fileRef = 84A79AE21A0C4AFC006F4876 /* HomeScreenAnimationsGenerator.m */; };
		84EBCCAA1A02DE7500C97E72 /* AudioToolbox.framework in Frameworks */ = {isa = PBXBuildFile; fileRef = 84EBCCA91A02DE7500C97E72 /* AudioToolbox.framework */; };
		84EBCCAC1A02DEBC00C97E72 /* CFNetwork.framework in Frameworks */ = {isa = PBXBuildFile; fileRef = 84EBCCAB1A02DEBC00C97E72 /* CFNetwork.framework */; };
		84EBCCAE1A02DEE400C97E72 /* CoreLocation.framework in Frameworks */ = {isa = PBXBuildFile; fileRef = 84EBCCAD1A02DEE400C97E72 /* CoreLocation.framework */; };
		84EBCCB01A02DEFE00C97E72 /* libz.dylib in Frameworks */ = {isa = PBXBuildFile; fileRef = 84EBCCAF1A02DEFE00C97E72 /* libz.dylib */; };
		84EBCCB21A02DF0E00C97E72 /* MobileCoreServices.framework in Frameworks */ = {isa = PBXBuildFile; fileRef = 84EBCCB11A02DF0E00C97E72 /* MobileCoreServices.framework */; };
		84EBCCB41A02DF2000C97E72 /* QuartzCore.framework in Frameworks */ = {isa = PBXBuildFile; fileRef = 84EBCCB31A02DF2000C97E72 /* QuartzCore.framework */; };
		84EBCCB61A02DF3000C97E72 /* Security.framework in Frameworks */ = {isa = PBXBuildFile; fileRef = 84EBCCB51A02DF3000C97E72 /* Security.framework */; };
		84EBCCB81A02DF3600C97E72 /* StoreKit.framework in Frameworks */ = {isa = PBXBuildFile; fileRef = 84EBCCB71A02DF3600C97E72 /* StoreKit.framework */; };
		84EBCCBA1A02DF4500C97E72 /* SystemConfiguration.framework in Frameworks */ = {isa = PBXBuildFile; fileRef = 84EBCCB91A02DF4500C97E72 /* SystemConfiguration.framework */; };
		84EBCCBE1A02E3F000C97E72 /* Parse.framework in Frameworks */ = {isa = PBXBuildFile; fileRef = 84EBCCBD1A02E3F000C97E72 /* Parse.framework */; };
		84EBCCC01A02E3F100C97E72 /* Bolts.framework in Frameworks */ = {isa = PBXBuildFile; fileRef = 84EBCCBF1A02E3F100C97E72 /* Bolts.framework */; };
/* End PBXBuildFile section */

/* Begin PBXContainerItemProxy section */
		529400581A02884100F93C54 /* PBXContainerItemProxy */ = {
			isa = PBXContainerItemProxy;
			containerPortal = 5294002A1A02884000F93C54 /* Project object */;
			proxyType = 1;
			remoteGlobalIDString = 529400311A02884000F93C54;
			remoteInfo = ChatApp;
		};
/* End PBXContainerItemProxy section */

/* Begin PBXFileReference section */
		521771291A0D79E100DA9305 /* Message.h */ = {isa = PBXFileReference; fileEncoding = 4; lastKnownFileType = sourcecode.c.h; path = Message.h; sourceTree = "<group>"; };
		5217712A1A0D79E100DA9305 /* Message.m */ = {isa = PBXFileReference; fileEncoding = 4; lastKnownFileType = sourcecode.c.objc; path = Message.m; sourceTree = "<group>"; };
		5217712C1A0DA1D700DA9305 /* PictureUITableViewCell.xib */ = {isa = PBXFileReference; fileEncoding = 4; lastKnownFileType = file.xib; path = PictureUITableViewCell.xib; sourceTree = "<group>"; };
		5217712E1A0DA20100DA9305 /* PictureUITableViewCell.h */ = {isa = PBXFileReference; fileEncoding = 4; lastKnownFileType = sourcecode.c.h; path = PictureUITableViewCell.h; sourceTree = "<group>"; };
		5217712F1A0DA20100DA9305 /* PictureUITableViewCell.m */ = {isa = PBXFileReference; fileEncoding = 4; lastKnownFileType = sourcecode.c.objc; path = PictureUITableViewCell.m; sourceTree = "<group>"; };
		521771311A0DCA8D00DA9305 /* ShowPictureViewController.h */ = {isa = PBXFileReference; fileEncoding = 4; lastKnownFileType = sourcecode.c.h; path = ShowPictureViewController.h; sourceTree = "<group>"; };
		521771321A0DCA8D00DA9305 /* ShowPictureViewController.m */ = {isa = PBXFileReference; fileEncoding = 4; lastKnownFileType = sourcecode.c.objc; path = ShowPictureViewController.m; sourceTree = "<group>"; };
		528522AB1A0EE489005E0DEB /* ShowAudioViewController.h */ = {isa = PBXFileReference; fileEncoding = 4; lastKnownFileType = sourcecode.c.h; path = ShowAudioViewController.h; sourceTree = "<group>"; };
		528522AC1A0EE489005E0DEB /* ShowAudioViewController.m */ = {isa = PBXFileReference; fileEncoding = 4; lastKnownFileType = sourcecode.c.objc; path = ShowAudioViewController.m; sourceTree = "<group>"; };
		529400321A02884000F93C54 /* ChatApp.app */ = {isa = PBXFileReference; explicitFileType = wrapper.application; includeInIndex = 0; path = ChatApp.app; sourceTree = BUILT_PRODUCTS_DIR; };
		529400351A02884000F93C54 /* Foundation.framework */ = {isa = PBXFileReference; lastKnownFileType = wrapper.framework; name = Foundation.framework; path = System/Library/Frameworks/Foundation.framework; sourceTree = SDKROOT; };
		529400371A02884000F93C54 /* CoreGraphics.framework */ = {isa = PBXFileReference; lastKnownFileType = wrapper.framework; name = CoreGraphics.framework; path = System/Library/Frameworks/CoreGraphics.framework; sourceTree = SDKROOT; };
		529400391A02884000F93C54 /* UIKit.framework */ = {isa = PBXFileReference; lastKnownFileType = wrapper.framework; name = UIKit.framework; path = System/Library/Frameworks/UIKit.framework; sourceTree = SDKROOT; };
		5294003D1A02884000F93C54 /* ChatApp-Info.plist */ = {isa = PBXFileReference; lastKnownFileType = text.plist.xml; path = "ChatApp-Info.plist"; sourceTree = "<group>"; };
		5294003F1A02884000F93C54 /* en */ = {isa = PBXFileReference; lastKnownFileType = text.plist.strings; name = en; path = en.lproj/InfoPlist.strings; sourceTree = "<group>"; };
		529400411A02884000F93C54 /* main.m */ = {isa = PBXFileReference; lastKnownFileType = sourcecode.c.objc; path = main.m; sourceTree = "<group>"; };
		529400431A02884000F93C54 /* ChatApp-Prefix.pch */ = {isa = PBXFileReference; lastKnownFileType = sourcecode.c.h; path = "ChatApp-Prefix.pch"; sourceTree = "<group>"; };
		529400441A02884000F93C54 /* AppDelegate.h */ = {isa = PBXFileReference; lastKnownFileType = sourcecode.c.h; path = AppDelegate.h; sourceTree = "<group>"; };
		529400451A02884000F93C54 /* AppDelegate.m */ = {isa = PBXFileReference; lastKnownFileType = sourcecode.c.objc; path = AppDelegate.m; sourceTree = "<group>"; };
		529400481A02884000F93C54 /* Base */ = {isa = PBXFileReference; lastKnownFileType = file.storyboard; name = Base; path = Base.lproj/Main.storyboard; sourceTree = "<group>"; };
		5294004A1A02884000F93C54 /* MainViewController.h */ = {isa = PBXFileReference; lastKnownFileType = sourcecode.c.h; path = MainViewController.h; sourceTree = "<group>"; };
		5294004B1A02884100F93C54 /* MainViewController.m */ = {isa = PBXFileReference; lastKnownFileType = sourcecode.c.objc; path = MainViewController.m; sourceTree = "<group>"; };
		5294004D1A02884100F93C54 /* Images.xcassets */ = {isa = PBXFileReference; lastKnownFileType = folder.assetcatalog; path = Images.xcassets; sourceTree = "<group>"; };
		529400531A02884100F93C54 /* ChatAppTests.xctest */ = {isa = PBXFileReference; explicitFileType = wrapper.cfbundle; includeInIndex = 0; path = ChatAppTests.xctest; sourceTree = BUILT_PRODUCTS_DIR; };
		529400541A02884100F93C54 /* XCTest.framework */ = {isa = PBXFileReference; lastKnownFileType = wrapper.framework; name = XCTest.framework; path = Library/Frameworks/XCTest.framework; sourceTree = DEVELOPER_DIR; };
		5294005C1A02884100F93C54 /* ChatAppTests-Info.plist */ = {isa = PBXFileReference; lastKnownFileType = text.plist.xml; path = "ChatAppTests-Info.plist"; sourceTree = "<group>"; };
		5294005E1A02884100F93C54 /* en */ = {isa = PBXFileReference; lastKnownFileType = text.plist.strings; name = en; path = en.lproj/InfoPlist.strings; sourceTree = "<group>"; };
		529400601A02884100F93C54 /* ChatAppTests.m */ = {isa = PBXFileReference; lastKnownFileType = sourcecode.c.objc; path = ChatAppTests.m; sourceTree = "<group>"; };
		52B9096D1A0D006400A17D8C /* ShowLocationViewController.h */ = {isa = PBXFileReference; fileEncoding = 4; lastKnownFileType = sourcecode.c.h; path = ShowLocationViewController.h; sourceTree = "<group>"; };
		52B9096E1A0D006400A17D8C /* ShowLocationViewController.m */ = {isa = PBXFileReference; fileEncoding = 4; lastKnownFileType = sourcecode.c.objc; path = ShowLocationViewController.m; sourceTree = "<group>"; };
		848FB90F1A07AED00014EDBC /* ChatAppNavigationController.h */ = {isa = PBXFileReference; fileEncoding = 4; lastKnownFileType = sourcecode.c.h; path = ChatAppNavigationController.h; sourceTree = "<group>"; };
		848FB9101A07AED00014EDBC /* ChatAppNavigationController.m */ = {isa = PBXFileReference; fileEncoding = 4; lastKnownFileType = sourcecode.c.objc; path = ChatAppNavigationController.m; sourceTree = "<group>"; };
		8491885C1A06933F0057C1C3 /* UsersTableViewController.h */ = {isa = PBXFileReference; fileEncoding = 4; lastKnownFileType = sourcecode.c.h; path = UsersTableViewController.h; sourceTree = "<group>"; };
		8491885D1A06933F0057C1C3 /* UsersTableViewController.m */ = {isa = PBXFileReference; fileEncoding = 4; lastKnownFileType = sourcecode.c.objc; path = UsersTableViewController.m; sourceTree = "<group>"; };
		849272DB1A05A6F4004D5CE4 /* RegisterUserViewController.h */ = {isa = PBXFileReference; fileEncoding = 4; lastKnownFileType = sourcecode.c.h; path = RegisterUserViewController.h; sourceTree = "<group>"; };
		849272DC1A05A6F4004D5CE4 /* RegisterUserViewController.m */ = {isa = PBXFileReference; fileEncoding = 4; lastKnownFileType = sourcecode.c.objc; path = RegisterUserViewController.m; sourceTree = "<group>"; };
		849272DF1A05B2A4004D5CE4 /* UserDataInputValidator.h */ = {isa = PBXFileReference; fileEncoding = 4; lastKnownFileType = sourcecode.c.h; path = UserDataInputValidator.h; sourceTree = "<group>"; };
		849272E01A05B2A4004D5CE4 /* UserDataInputValidator.m */ = {isa = PBXFileReference; fileEncoding = 4; lastKnownFileType = sourcecode.c.objc; path = UserDataInputValidator.m; sourceTree = "<group>"; };
		84928DE01A09153200168208 /* ChatSessionViewController.h */ = {isa = PBXFileReference; fileEncoding = 4; lastKnownFileType = sourcecode.c.h; path = ChatSessionViewController.h; sourceTree = "<group>"; };
		84928DE11A09153200168208 /* ChatSessionViewController.m */ = {isa = PBXFileReference; fileEncoding = 4; lastKnownFileType = sourcecode.c.objc; path = ChatSessionViewController.m; sourceTree = "<group>"; };
		849998211A0E16CE00933216 /* CoreDataHelper.h */ = {isa = PBXFileReference; fileEncoding = 4; lastKnownFileType = sourcecode.c.h; path = CoreDataHelper.h; sourceTree = "<group>"; };
		849998221A0E16DB00933216 /* CoreDataHelper.m */ = {isa = PBXFileReference; fileEncoding = 4; lastKnownFileType = sourcecode.c.objc; path = CoreDataHelper.m; sourceTree = "<group>"; };
		849998241A0E173100933216 /* CoreData.framework */ = {isa = PBXFileReference; lastKnownFileType = wrapper.framework; name = CoreData.framework; path = System/Library/Frameworks/CoreData.framework; sourceTree = SDKROOT; };
		849998271A0E176400933216 /* ChatAppDataModel.xcdatamodel */ = {isa = PBXFileReference; lastKnownFileType = wrapper.xcdatamodel; path = ChatAppDataModel.xcdatamodel; sourceTree = "<group>"; };
		849998291A0E17DF00933216 /* ChatUser.h */ = {isa = PBXFileReference; fileEncoding = 4; lastKnownFileType = sourcecode.c.h; path = ChatUser.h; sourceTree = "<group>"; };
		8499982A1A0E17DF00933216 /* ChatUser.m */ = {isa = PBXFileReference; fileEncoding = 4; lastKnownFileType = sourcecode.c.objc; path = ChatUser.m; sourceTree = "<group>"; };
		8499982C1A0E692700933216 /* MapKit.framework */ = {isa = PBXFileReference; lastKnownFileType = wrapper.framework; name = MapKit.framework; path = System/Library/Frameworks/MapKit.framework; sourceTree = SDKROOT; };
		84A79AE11A0C4AFC006F4876 /* HomeScreenAnimationsGenerator.h */ = {isa = PBXFileReference; fileEncoding = 4; lastKnownFileType = sourcecode.c.h; path = HomeScreenAnimationsGenerator.h; sourceTree = "<group>"; };
		84A79AE21A0C4AFC006F4876 /* HomeScreenAnimationsGenerator.m */ = {isa = PBXFileReference; fileEncoding = 4; lastKnownFileType = sourcecode.c.objc; path = HomeScreenAnimationsGenerator.m; sourceTree = "<group>"; };
		84EBCCA91A02DE7500C97E72 /* AudioToolbox.framework */ = {isa = PBXFileReference; lastKnownFileType = wrapper.framework; name = AudioToolbox.framework; path = System/Library/Frameworks/AudioToolbox.framework; sourceTree = SDKROOT; };
		84EBCCAB1A02DEBC00C97E72 /* CFNetwork.framework */ = {isa = PBXFileReference; lastKnownFileType = wrapper.framework; name = CFNetwork.framework; path = System/Library/Frameworks/CFNetwork.framework; sourceTree = SDKROOT; };
		84EBCCAD1A02DEE400C97E72 /* CoreLocation.framework */ = {isa = PBXFileReference; lastKnownFileType = wrapper.framework; name = CoreLocation.framework; path = System/Library/Frameworks/CoreLocation.framework; sourceTree = SDKROOT; };
		84EBCCAF1A02DEFE00C97E72 /* libz.dylib */ = {isa = PBXFileReference; lastKnownFileType = "compiled.mach-o.dylib"; name = libz.dylib; path = usr/lib/libz.dylib; sourceTree = SDKROOT; };
		84EBCCB11A02DF0E00C97E72 /* MobileCoreServices.framework */ = {isa = PBXFileReference; lastKnownFileType = wrapper.framework; name = MobileCoreServices.framework; path = System/Library/Frameworks/MobileCoreServices.framework; sourceTree = SDKROOT; };
		84EBCCB31A02DF2000C97E72 /* QuartzCore.framework */ = {isa = PBXFileReference; lastKnownFileType = wrapper.framework; name = QuartzCore.framework; path = System/Library/Frameworks/QuartzCore.framework; sourceTree = SDKROOT; };
		84EBCCB51A02DF3000C97E72 /* Security.framework */ = {isa = PBXFileReference; lastKnownFileType = wrapper.framework; name = Security.framework; path = System/Library/Frameworks/Security.framework; sourceTree = SDKROOT; };
		84EBCCB71A02DF3600C97E72 /* StoreKit.framework */ = {isa = PBXFileReference; lastKnownFileType = wrapper.framework; name = StoreKit.framework; path = System/Library/Frameworks/StoreKit.framework; sourceTree = SDKROOT; };
		84EBCCB91A02DF4500C97E72 /* SystemConfiguration.framework */ = {isa = PBXFileReference; lastKnownFileType = wrapper.framework; name = SystemConfiguration.framework; path = System/Library/Frameworks/SystemConfiguration.framework; sourceTree = SDKROOT; };
		84EBCCBD1A02E3F000C97E72 /* Parse.framework */ = {isa = PBXFileReference; lastKnownFileType = wrapper.framework; path = Parse.framework; sourceTree = "<group>"; };
		84EBCCBF1A02E3F100C97E72 /* Bolts.framework */ = {isa = PBXFileReference; lastKnownFileType = wrapper.framework; path = Bolts.framework; sourceTree = "<group>"; };
/* End PBXFileReference section */

/* Begin PBXFrameworksBuildPhase section */
		5294002F1A02884000F93C54 /* Frameworks */ = {
			isa = PBXFrameworksBuildPhase;
			buildActionMask = 2147483647;
			files = (
				8499982D1A0E692700933216 /* MapKit.framework in Frameworks */,
				849998251A0E173100933216 /* CoreData.framework in Frameworks */,
				84EBCCBA1A02DF4500C97E72 /* SystemConfiguration.framework in Frameworks */,
				84EBCCB81A02DF3600C97E72 /* StoreKit.framework in Frameworks */,
				84EBCCB61A02DF3000C97E72 /* Security.framework in Frameworks */,
				84EBCCB41A02DF2000C97E72 /* QuartzCore.framework in Frameworks */,
				84EBCCB21A02DF0E00C97E72 /* MobileCoreServices.framework in Frameworks */,
				84EBCCB01A02DEFE00C97E72 /* libz.dylib in Frameworks */,
				84EBCCBE1A02E3F000C97E72 /* Parse.framework in Frameworks */,
				84EBCCAE1A02DEE400C97E72 /* CoreLocation.framework in Frameworks */,
				529400381A02884000F93C54 /* CoreGraphics.framework in Frameworks */,
				84EBCCAC1A02DEBC00C97E72 /* CFNetwork.framework in Frameworks */,
				84EBCCAA1A02DE7500C97E72 /* AudioToolbox.framework in Frameworks */,
				5294003A1A02884000F93C54 /* UIKit.framework in Frameworks */,
				529400361A02884000F93C54 /* Foundation.framework in Frameworks */,
				84EBCCC01A02E3F100C97E72 /* Bolts.framework in Frameworks */,
			);
			runOnlyForDeploymentPostprocessing = 0;
		};
		529400501A02884100F93C54 /* Frameworks */ = {
			isa = PBXFrameworksBuildPhase;
			buildActionMask = 2147483647;
			files = (
				529400551A02884100F93C54 /* XCTest.framework in Frameworks */,
				529400571A02884100F93C54 /* UIKit.framework in Frameworks */,
				529400561A02884100F93C54 /* Foundation.framework in Frameworks */,
			);
			runOnlyForDeploymentPostprocessing = 0;
		};
/* End PBXFrameworksBuildPhase section */

/* Begin PBXGroup section */
		521771281A0D796A00DA9305 /* Model */ = {
			isa = PBXGroup;
			children = (
				521771291A0D79E100DA9305 /* Message.h */,
				5217712A1A0D79E100DA9305 /* Message.m */,
			);
			name = Model;
			sourceTree = "<group>";
		};
		529400291A02884000F93C54 = {
			isa = PBXGroup;
			children = (
				5294003B1A02884000F93C54 /* ChatApp */,
				5294005A1A02884100F93C54 /* ChatAppTests */,
				529400341A02884000F93C54 /* Frameworks */,
				529400331A02884000F93C54 /* Products */,
			);
			sourceTree = "<group>";
		};
		529400331A02884000F93C54 /* Products */ = {
			isa = PBXGroup;
			children = (
				529400321A02884000F93C54 /* ChatApp.app */,
				529400531A02884100F93C54 /* ChatAppTests.xctest */,
			);
			name = Products;
			sourceTree = "<group>";
		};
		529400341A02884000F93C54 /* Frameworks */ = {
			isa = PBXGroup;
			children = (
				8499982C1A0E692700933216 /* MapKit.framework */,
				849998241A0E173100933216 /* CoreData.framework */,
				84EBCCBF1A02E3F100C97E72 /* Bolts.framework */,
				84EBCCBD1A02E3F000C97E72 /* Parse.framework */,
				84EBCCB91A02DF4500C97E72 /* SystemConfiguration.framework */,
				84EBCCB71A02DF3600C97E72 /* StoreKit.framework */,
				84EBCCB51A02DF3000C97E72 /* Security.framework */,
				84EBCCB31A02DF2000C97E72 /* QuartzCore.framework */,
				84EBCCB11A02DF0E00C97E72 /* MobileCoreServices.framework */,
				84EBCCAF1A02DEFE00C97E72 /* libz.dylib */,
				84EBCCAD1A02DEE400C97E72 /* CoreLocation.framework */,
				84EBCCAB1A02DEBC00C97E72 /* CFNetwork.framework */,
				84EBCCA91A02DE7500C97E72 /* AudioToolbox.framework */,
				529400351A02884000F93C54 /* Foundation.framework */,
				529400371A02884000F93C54 /* CoreGraphics.framework */,
				529400391A02884000F93C54 /* UIKit.framework */,
				529400541A02884100F93C54 /* XCTest.framework */,
			);
			name = Frameworks;
			sourceTree = "<group>";
		};
		5294003B1A02884000F93C54 /* ChatApp */ = {
			isa = PBXGroup;
			children = (
				521771281A0D796A00DA9305 /* Model */,
				52D376C11A0ACB9E000DF7EF /* Views */,
				848FB90E1A07AE970014EDBC /* Tasks */,
				849272DE1A05B272004D5CE4 /* Validators */,
				849272DA1A05A6CC004D5CE4 /* ViewControllers */,
				529400441A02884000F93C54 /* AppDelegate.h */,
				529400451A02884000F93C54 /* AppDelegate.m */,
				529400471A02884000F93C54 /* Main.storyboard */,
				5294004A1A02884000F93C54 /* MainViewController.h */,
				5294004B1A02884100F93C54 /* MainViewController.m */,
				5294004D1A02884100F93C54 /* Images.xcassets */,
				5294003C1A02884000F93C54 /* Supporting Files */,
				849998261A0E176400933216 /* ChatAppDataModel.xcdatamodeld */,
				849998291A0E17DF00933216 /* ChatUser.h */,
				8499982A1A0E17DF00933216 /* ChatUser.m */,
			);
			path = ChatApp;
			sourceTree = "<group>";
		};
		5294003C1A02884000F93C54 /* Supporting Files */ = {
			isa = PBXGroup;
			children = (
				5294003D1A02884000F93C54 /* ChatApp-Info.plist */,
				5294003E1A02884000F93C54 /* InfoPlist.strings */,
				529400411A02884000F93C54 /* main.m */,
				529400431A02884000F93C54 /* ChatApp-Prefix.pch */,
			);
			name = "Supporting Files";
			sourceTree = "<group>";
		};
		5294005A1A02884100F93C54 /* ChatAppTests */ = {
			isa = PBXGroup;
			children = (
				529400601A02884100F93C54 /* ChatAppTests.m */,
				5294005B1A02884100F93C54 /* Supporting Files */,
			);
			path = ChatAppTests;
			sourceTree = "<group>";
		};
		5294005B1A02884100F93C54 /* Supporting Files */ = {
			isa = PBXGroup;
			children = (
				5294005C1A02884100F93C54 /* ChatAppTests-Info.plist */,
				5294005D1A02884100F93C54 /* InfoPlist.strings */,
			);
			name = "Supporting Files";
			sourceTree = "<group>";
		};
		52D376C11A0ACB9E000DF7EF /* Views */ = {
			isa = PBXGroup;
			children = (
				5217712C1A0DA1D700DA9305 /* PictureUITableViewCell.xib */,
				5217712E1A0DA20100DA9305 /* PictureUITableViewCell.h */,
				5217712F1A0DA20100DA9305 /* PictureUITableViewCell.m */,
			);
			name = Views;
			sourceTree = "<group>";
		};
		848FB90E1A07AE970014EDBC /* Tasks */ = {
			isa = PBXGroup;
			children = (
				849998221A0E16DB00933216 /* CoreDataHelper.m */,
				849998211A0E16CE00933216 /* CoreDataHelper.h */,
				848FB90F1A07AED00014EDBC /* ChatAppNavigationController.h */,
				848FB9101A07AED00014EDBC /* ChatAppNavigationController.m */,
				84A79AE11A0C4AFC006F4876 /* HomeScreenAnimationsGenerator.h */,
				84A79AE21A0C4AFC006F4876 /* HomeScreenAnimationsGenerator.m */,
			);
			name = Tasks;
			sourceTree = "<group>";
		};
		849272DA1A05A6CC004D5CE4 /* ViewControllers */ = {
			isa = PBXGroup;
			children = (
				849272DB1A05A6F4004D5CE4 /* RegisterUserViewController.h */,
				849272DC1A05A6F4004D5CE4 /* RegisterUserViewController.m */,
				8491885C1A06933F0057C1C3 /* UsersTableViewController.h */,
				8491885D1A06933F0057C1C3 /* UsersTableViewController.m */,
				84928DE01A09153200168208 /* ChatSessionViewController.h */,
				84928DE11A09153200168208 /* ChatSessionViewController.m */,
				52B9096D1A0D006400A17D8C /* ShowLocationViewController.h */,
				52B9096E1A0D006400A17D8C /* ShowLocationViewController.m */,
				521771311A0DCA8D00DA9305 /* ShowPictureViewController.h */,
				521771321A0DCA8D00DA9305 /* ShowPictureViewController.m */,
				528522AB1A0EE489005E0DEB /* ShowAudioViewController.h */,
				528522AC1A0EE489005E0DEB /* ShowAudioViewController.m */,
			);
			name = ViewControllers;
			sourceTree = "<group>";
		};
		849272DE1A05B272004D5CE4 /* Validators */ = {
			isa = PBXGroup;
			children = (
				849272DF1A05B2A4004D5CE4 /* UserDataInputValidator.h */,
				849272E01A05B2A4004D5CE4 /* UserDataInputValidator.m */,
			);
			name = Validators;
			sourceTree = "<group>";
		};
/* End PBXGroup section */

/* Begin PBXNativeTarget section */
		529400311A02884000F93C54 /* ChatApp */ = {
			isa = PBXNativeTarget;
			buildConfigurationList = 529400641A02884100F93C54 /* Build configuration list for PBXNativeTarget "ChatApp" */;
			buildPhases = (
				5294002E1A02884000F93C54 /* Sources */,
				5294002F1A02884000F93C54 /* Frameworks */,
				529400301A02884000F93C54 /* Resources */,
			);
			buildRules = (
			);
			dependencies = (
			);
			name = ChatApp;
			productName = ChatApp;
			productReference = 529400321A02884000F93C54 /* ChatApp.app */;
			productType = "com.apple.product-type.application";
		};
		529400521A02884100F93C54 /* ChatAppTests */ = {
			isa = PBXNativeTarget;
			buildConfigurationList = 529400671A02884100F93C54 /* Build configuration list for PBXNativeTarget "ChatAppTests" */;
			buildPhases = (
				5294004F1A02884100F93C54 /* Sources */,
				529400501A02884100F93C54 /* Frameworks */,
				529400511A02884100F93C54 /* Resources */,
			);
			buildRules = (
			);
			dependencies = (
				529400591A02884100F93C54 /* PBXTargetDependency */,
			);
			name = ChatAppTests;
			productName = ChatAppTests;
			productReference = 529400531A02884100F93C54 /* ChatAppTests.xctest */;
			productType = "com.apple.product-type.bundle.unit-test";
		};
/* End PBXNativeTarget section */

/* Begin PBXProject section */
		5294002A1A02884000F93C54 /* Project object */ = {
			isa = PBXProject;
			attributes = {
				LastUpgradeCheck = 0510;
				ORGANIZATIONNAME = "___FULLUSERNAME___";
				TargetAttributes = {
					529400521A02884100F93C54 = {
						TestTargetID = 529400311A02884000F93C54;
					};
				};
			};
			buildConfigurationList = 5294002D1A02884000F93C54 /* Build configuration list for PBXProject "ChatApp" */;
			compatibilityVersion = "Xcode 3.2";
			developmentRegion = English;
			hasScannedForEncodings = 0;
			knownRegions = (
				en,
				Base,
			);
			mainGroup = 529400291A02884000F93C54;
			productRefGroup = 529400331A02884000F93C54 /* Products */;
			projectDirPath = "";
			projectRoot = "";
			targets = (
				529400311A02884000F93C54 /* ChatApp */,
				529400521A02884100F93C54 /* ChatAppTests */,
			);
		};
/* End PBXProject section */

/* Begin PBXResourcesBuildPhase section */
		529400301A02884000F93C54 /* Resources */ = {
			isa = PBXResourcesBuildPhase;
			buildActionMask = 2147483647;
			files = (
				5294004E1A02884100F93C54 /* Images.xcassets in Resources */,
				5217712D1A0DA1D700DA9305 /* PictureUITableViewCell.xib in Resources */,
				529400401A02884000F93C54 /* InfoPlist.strings in Resources */,
				529400491A02884000F93C54 /* Main.storyboard in Resources */,
			);
			runOnlyForDeploymentPostprocessing = 0;
		};
		529400511A02884100F93C54 /* Resources */ = {
			isa = PBXResourcesBuildPhase;
			buildActionMask = 2147483647;
			files = (
				5294005F1A02884100F93C54 /* InfoPlist.strings in Resources */,
			);
			runOnlyForDeploymentPostprocessing = 0;
		};
/* End PBXResourcesBuildPhase section */

/* Begin PBXSourcesBuildPhase section */
		5294002E1A02884000F93C54 /* Sources */ = {
			isa = PBXSourcesBuildPhase;
			buildActionMask = 2147483647;
			files = (
				5217712B1A0D79E100DA9305 /* Message.m in Sources */,
				84A79AE31A0C4AFC006F4876 /* HomeScreenAnimationsGenerator.m in Sources */,
				849998281A0E176400933216 /* ChatAppDataModel.xcdatamodeld in Sources */,
				5294004C1A02884100F93C54 /* MainViewController.m in Sources */,
				8499982B1A0E17DF00933216 /* ChatUser.m in Sources */,
				528522AD1A0EE489005E0DEB /* ShowAudioViewController.m in Sources */,
				84928DE21A09153200168208 /* ChatSessionViewController.m in Sources */,
				521771301A0DA20100DA9305 /* PictureUITableViewCell.m in Sources */,
				848FB9111A07AED00014EDBC /* ChatAppNavigationController.m in Sources */,
				52B9096F1A0D006400A17D8C /* ShowLocationViewController.m in Sources */,
				849998231A0E16DB00933216 /* CoreDataHelper.m in Sources */,
				529400461A02884000F93C54 /* AppDelegate.m in Sources */,
				849272DD1A05A6F4004D5CE4 /* RegisterUserViewController.m in Sources */,
				849272E11A05B2A4004D5CE4 /* UserDataInputValidator.m in Sources */,
				8491885E1A06933F0057C1C3 /* UsersTableViewController.m in Sources */,
				521771331A0DCA8D00DA9305 /* ShowPictureViewController.m in Sources */,
				529400421A02884000F93C54 /* main.m in Sources */,
			);
			runOnlyForDeploymentPostprocessing = 0;
		};
		5294004F1A02884100F93C54 /* Sources */ = {
			isa = PBXSourcesBuildPhase;
			buildActionMask = 2147483647;
			files = (
				529400611A02884100F93C54 /* ChatAppTests.m in Sources */,
			);
			runOnlyForDeploymentPostprocessing = 0;
		};
/* End PBXSourcesBuildPhase section */

/* Begin PBXTargetDependency section */
		529400591A02884100F93C54 /* PBXTargetDependency */ = {
			isa = PBXTargetDependency;
			target = 529400311A02884000F93C54 /* ChatApp */;
			targetProxy = 529400581A02884100F93C54 /* PBXContainerItemProxy */;
		};
/* End PBXTargetDependency section */

/* Begin PBXVariantGroup section */
		5294003E1A02884000F93C54 /* InfoPlist.strings */ = {
			isa = PBXVariantGroup;
			children = (
				5294003F1A02884000F93C54 /* en */,
			);
			name = InfoPlist.strings;
			sourceTree = "<group>";
		};
		529400471A02884000F93C54 /* Main.storyboard */ = {
			isa = PBXVariantGroup;
			children = (
				529400481A02884000F93C54 /* Base */,
			);
			name = Main.storyboard;
			sourceTree = "<group>";
		};
		5294005D1A02884100F93C54 /* InfoPlist.strings */ = {
			isa = PBXVariantGroup;
			children = (
				5294005E1A02884100F93C54 /* en */,
			);
			name = InfoPlist.strings;
			sourceTree = "<group>";
		};
/* End PBXVariantGroup section */

/* Begin XCBuildConfiguration section */
		529400621A02884100F93C54 /* Debug */ = {
			isa = XCBuildConfiguration;
			buildSettings = {
				ALWAYS_SEARCH_USER_PATHS = NO;
				CLANG_CXX_LANGUAGE_STANDARD = "gnu++0x";
				CLANG_CXX_LIBRARY = "libc++";
				CLANG_ENABLE_MODULES = YES;
				CLANG_ENABLE_OBJC_ARC = YES;
				CLANG_WARN_BOOL_CONVERSION = YES;
				CLANG_WARN_CONSTANT_CONVERSION = YES;
				CLANG_WARN_DIRECT_OBJC_ISA_USAGE = YES_ERROR;
				CLANG_WARN_EMPTY_BODY = YES;
				CLANG_WARN_ENUM_CONVERSION = YES;
				CLANG_WARN_INT_CONVERSION = YES;
				CLANG_WARN_OBJC_ROOT_CLASS = YES_ERROR;
				CLANG_WARN__DUPLICATE_METHOD_MATCH = YES;
				"CODE_SIGN_IDENTITY[sdk=iphoneos*]" = "iPhone Developer";
				COPY_PHASE_STRIP = NO;
				GCC_C_LANGUAGE_STANDARD = gnu99;
				GCC_DYNAMIC_NO_PIC = NO;
				GCC_OPTIMIZATION_LEVEL = 0;
				GCC_PREPROCESSOR_DEFINITIONS = (
					"DEBUG=1",
					"$(inherited)",
				);
				GCC_SYMBOLS_PRIVATE_EXTERN = NO;
				GCC_WARN_64_TO_32_BIT_CONVERSION = YES;
				GCC_WARN_ABOUT_RETURN_TYPE = YES_ERROR;
				GCC_WARN_UNDECLARED_SELECTOR = YES;
				GCC_WARN_UNINITIALIZED_AUTOS = YES_AGGRESSIVE;
				GCC_WARN_UNUSED_FUNCTION = YES;
				GCC_WARN_UNUSED_VARIABLE = YES;
				IPHONEOS_DEPLOYMENT_TARGET = 7.1;
				ONLY_ACTIVE_ARCH = YES;
				SDKROOT = iphoneos;
			};
			name = Debug;
		};
		529400631A02884100F93C54 /* Release */ = {
			isa = XCBuildConfiguration;
			buildSettings = {
				ALWAYS_SEARCH_USER_PATHS = NO;
				CLANG_CXX_LANGUAGE_STANDARD = "gnu++0x";
				CLANG_CXX_LIBRARY = "libc++";
				CLANG_ENABLE_MODULES = YES;
				CLANG_ENABLE_OBJC_ARC = YES;
				CLANG_WARN_BOOL_CONVERSION = YES;
				CLANG_WARN_CONSTANT_CONVERSION = YES;
				CLANG_WARN_DIRECT_OBJC_ISA_USAGE = YES_ERROR;
				CLANG_WARN_EMPTY_BODY = YES;
				CLANG_WARN_ENUM_CONVERSION = YES;
				CLANG_WARN_INT_CONVERSION = YES;
				CLANG_WARN_OBJC_ROOT_CLASS = YES_ERROR;
				CLANG_WARN__DUPLICATE_METHOD_MATCH = YES;
				"CODE_SIGN_IDENTITY[sdk=iphoneos*]" = "iPhone Developer";
				COPY_PHASE_STRIP = YES;
				ENABLE_NS_ASSERTIONS = NO;
				GCC_C_LANGUAGE_STANDARD = gnu99;
				GCC_WARN_64_TO_32_BIT_CONVERSION = YES;
				GCC_WARN_ABOUT_RETURN_TYPE = YES_ERROR;
				GCC_WARN_UNDECLARED_SELECTOR = YES;
				GCC_WARN_UNINITIALIZED_AUTOS = YES_AGGRESSIVE;
				GCC_WARN_UNUSED_FUNCTION = YES;
				GCC_WARN_UNUSED_VARIABLE = YES;
				IPHONEOS_DEPLOYMENT_TARGET = 7.1;
				SDKROOT = iphoneos;
				VALIDATE_PRODUCT = YES;
			};
			name = Release;
		};
		529400651A02884100F93C54 /* Debug */ = {
			isa = XCBuildConfiguration;
			buildSettings = {
				ASSETCATALOG_COMPILER_APPICON_NAME = AppIcon;
				ASSETCATALOG_COMPILER_LAUNCHIMAGE_NAME = LaunchImage;
				FRAMEWORK_SEARCH_PATHS = (
					"$(inherited)",
					"$(PROJECT_DIR)",
				);
				GCC_PRECOMPILE_PREFIX_HEADER = YES;
				GCC_PREFIX_HEADER = "ChatApp/ChatApp-Prefix.pch";
				INFOPLIST_FILE = "ChatApp/ChatApp-Info.plist";
				PRODUCT_NAME = "$(TARGET_NAME)";
				WRAPPER_EXTENSION = app;
			};
			name = Debug;
		};
		529400661A02884100F93C54 /* Release */ = {
			isa = XCBuildConfiguration;
			buildSettings = {
				ASSETCATALOG_COMPILER_APPICON_NAME = AppIcon;
				ASSETCATALOG_COMPILER_LAUNCHIMAGE_NAME = LaunchImage;
				FRAMEWORK_SEARCH_PATHS = (
					"$(inherited)",
					"$(PROJECT_DIR)",
				);
				GCC_PRECOMPILE_PREFIX_HEADER = YES;
				GCC_PREFIX_HEADER = "ChatApp/ChatApp-Prefix.pch";
				INFOPLIST_FILE = "ChatApp/ChatApp-Info.plist";
				PRODUCT_NAME = "$(TARGET_NAME)";
				WRAPPER_EXTENSION = app;
			};
			name = Release;
		};
		529400681A02884100F93C54 /* Debug */ = {
			isa = XCBuildConfiguration;
			buildSettings = {
				BUNDLE_LOADER = "$(BUILT_PRODUCTS_DIR)/ChatApp.app/ChatApp";
				FRAMEWORK_SEARCH_PATHS = (
					"$(SDKROOT)/Developer/Library/Frameworks",
					"$(inherited)",
					"$(DEVELOPER_FRAMEWORKS_DIR)",
				);
				GCC_PRECOMPILE_PREFIX_HEADER = YES;
				GCC_PREFIX_HEADER = "ChatApp/ChatApp-Prefix.pch";
				GCC_PREPROCESSOR_DEFINITIONS = (
					"DEBUG=1",
					"$(inherited)",
				);
				INFOPLIST_FILE = "ChatAppTests/ChatAppTests-Info.plist";
				PRODUCT_NAME = "$(TARGET_NAME)";
				TEST_HOST = "$(BUNDLE_LOADER)";
				WRAPPER_EXTENSION = xctest;
			};
			name = Debug;
		};
		529400691A02884100F93C54 /* Release */ = {
			isa = XCBuildConfiguration;
			buildSettings = {
				BUNDLE_LOADER = "$(BUILT_PRODUCTS_DIR)/ChatApp.app/ChatApp";
				FRAMEWORK_SEARCH_PATHS = (
					"$(SDKROOT)/Developer/Library/Frameworks",
					"$(inherited)",
					"$(DEVELOPER_FRAMEWORKS_DIR)",
				);
				GCC_PRECOMPILE_PREFIX_HEADER = YES;
				GCC_PREFIX_HEADER = "ChatApp/ChatApp-Prefix.pch";
				INFOPLIST_FILE = "ChatAppTests/ChatAppTests-Info.plist";
				PRODUCT_NAME = "$(TARGET_NAME)";
				TEST_HOST = "$(BUNDLE_LOADER)";
				WRAPPER_EXTENSION = xctest;
			};
			name = Release;
		};
/* End XCBuildConfiguration section */

/* Begin XCConfigurationList section */
		5294002D1A02884000F93C54 /* Build configuration list for PBXProject "ChatApp" */ = {
			isa = XCConfigurationList;
			buildConfigurations = (
				529400621A02884100F93C54 /* Debug */,
				529400631A02884100F93C54 /* Release */,
			);
			defaultConfigurationIsVisible = 0;
			defaultConfigurationName = Release;
		};
		529400641A02884100F93C54 /* Build configuration list for PBXNativeTarget "ChatApp" */ = {
			isa = XCConfigurationList;
			buildConfigurations = (
				529400651A02884100F93C54 /* Debug */,
				529400661A02884100F93C54 /* Release */,
			);
			defaultConfigurationIsVisible = 0;
			defaultConfigurationName = Release;
		};
		529400671A02884100F93C54 /* Build configuration list for PBXNativeTarget "ChatAppTests" */ = {
			isa = XCConfigurationList;
			buildConfigurations = (
				529400681A02884100F93C54 /* Debug */,
				529400691A02884100F93C54 /* Release */,
			);
			defaultConfigurationIsVisible = 0;
			defaultConfigurationName = Release;
		};
/* End XCConfigurationList section */

/* Begin XCVersionGroup section */
		849998261A0E176400933216 /* ChatAppDataModel.xcdatamodeld */ = {
			isa = XCVersionGroup;
			children = (
				849998271A0E176400933216 /* ChatAppDataModel.xcdatamodel */,
			);
			currentVersion = 849998271A0E176400933216 /* ChatAppDataModel.xcdatamodel */;
			path = ChatAppDataModel.xcdatamodeld;
			sourceTree = "<group>";
			versionGroupType = wrapper.xcdatamodel;
		};
/* End XCVersionGroup section */
	};
	rootObject = 5294002A1A02884000F93C54 /* Project object */;
}
